
Microsoft Visual Studio Solution File, Format Version 11.00
# Visual Studio 2010
Project("{FAE04EC0-301F-11D3-BF4B-00C04F79EFBC}") = "Assembly-CSharp", "Assembly-CSharp.csproj", "{55db392e-f681-0c25-4661-0dbb4b807d9f}"
EndProject
Project("{FAE04EC0-301F-11D3-BF4B-00C04F79EFBC}") = "Unity.2DPlatformer.Tutorials", "Unity.2DPlatformer.Tutorials.csproj", "{bc195961-6e64-a8d2-67f7-ca4d04fba677}"
EndProject
Project("{FAE04EC0-301F-11D3-BF4B-00C04F79EFBC}") = "Assembly-CSharp-Editor", "Assembly-CSharp-Editor.csproj", "{f378eed1-a57f-9520-fc2b-16af8eb304de}"
EndProject
Global
	GlobalSection(SolutionConfigurationPlatforms) = preSolution
		Debug|Any CPU = Debug|Any CPU
	EndGlobalSection
	GlobalSection(ProjectConfigurationPlatforms) = postSolution
		{55db392e-f681-0c25-4661-0dbb4b807d9f}.Debug|Any CPU.ActiveCfg = Debug|Any CPU
		{55db392e-f681-0c25-4661-0dbb4b807d9f}.Debug|Any CPU.Build.0 = Debug|Any CPU
		{bc195961-6e64-a8d2-67f7-ca4d04fba677}.Debug|Any CPU.ActiveCfg = Debug|Any CPU
		{bc195961-6e64-a8d2-67f7-ca4d04fba677}.Debug|Any CPU.Build.0 = Debug|Any CPU
		{f378eed1-a57f-9520-fc2b-16af8eb304de}.Debug|Any CPU.ActiveCfg = Debug|Any CPU
		{f378eed1-a57f-9520-fc2b-16af8eb304de}.Debug|Any CPU.Build.0 = Debug|Any CPU
	EndGlobalSection
	GlobalSection(SolutionProperties) = preSolution
		HideSolutionNode = FALSE
	EndGlobalSection
EndGlobal
